
Microsoft Visual Studio Solution File, Format Version 12.00
# Visual Studio Version 17
VisualStudioVersion = 17.6.33815.320
MinimumVisualStudioVersion = 10.0.40219.1
Project("{FAE04EC0-301F-11D3-BF4B-00C04F79EFBC}") = "Quadratic Equation", "Quadratic Equation\Quadratic Equation.csproj", "{8C28763E-DF73-43D4-8036-6F7FD97869AA}"
EndProject
Global
	GlobalSection(SolutionConfigurationPlatforms) = preSolution
		Debug|Any CPU = Debug|Any CPU
		Release|Any CPU = Release|Any CPU
	EndGlobalSection
	GlobalSection(ProjectConfigurationPlatforms) = postSolution
		{8C28763E-DF73-43D4-8036-6F7FD97869AA}.Debug|Any CPU.ActiveCfg = Debug|Any CPU
		{8C28763E-DF73-43D4-8036-6F7FD97869AA}.Debug|Any CPU.Build.0 = Debug|Any CPU
		{8C28763E-DF73-43D4-8036-6F7FD97869AA}.Release|Any CPU.ActiveCfg = Release|Any CPU
		{8C28763E-DF73-43D4-8036-6F7FD97869AA}.Release|Any CPU.Build.0 = Release|Any CPU
	EndGlobalSection
	GlobalSection(SolutionProperties) = preSolution
		HideSolutionNode = FALSE
	EndGlobalSection
	GlobalSection(ExtensibilityGlobals) = postSolution
		SolutionGuid = {7428FCB5-166E-493F-92A1-88ECD3D75E99}
	EndGlobalSection
EndGlobal
